
Microsoft Visual Studio Solution File, Format Version 10.00
# Visual Studio 2008
Project("{8BC9CEB8-8B4A-11D0-8D11-00A0C91BC942}") = "WinEmoticons", "WinEmoticons\WinEmoticons.vcproj", "{512C1B01-96D4-424C-9DB9-0A18F4FC8F4C}"
EndProject
Global
	GlobalSection(PowerDesigner) = preSolution
		HasSWS = 1
	EndGlobalSection
	GlobalSection(SolutionConfigurationPlatforms) = preSolution
		Debug|Win32 = Debug|Win32
		Release|Win32 = Release|Win32
	EndGlobalSection
	GlobalSection(ProjectConfigurationPlatforms) = postSolution
		{512C1B01-96D4-424C-9DB9-0A18F4FC8F4C}.Debug|Win32.ActiveCfg = Debug|Win32
		{512C1B01-96D4-424C-9DB9-0A18F4FC8F4C}.Debug|Win32.Build.0 = Debug|Win32
		{512C1B01-96D4-424C-9DB9-0A18F4FC8F4C}.Release|Win32.ActiveCfg = Release|Win32
		{512C1B01-96D4-424C-9DB9-0A18F4FC8F4C}.Release|Win32.Build.0 = Release|Win32
	EndGlobalSection
	GlobalSection(SolutionProperties) = preSolution
		HideSolutionNode = FALSE
	EndGlobalSection
EndGlobal
